
Microsoft Visual Studio Solution File, Format Version 12.00
# Visual Studio Version 17
VisualStudioVersion = 17.5.33424.131
MinimumVisualStudioVersion = 10.0.40219.1
Project("{FAE04EC0-301F-11D3-BF4B-00C04F79EFBC}") = "SoftDesPhase2", "SoftDesPhase2\SoftDesPhase2.csproj", "{501325FA-A021-449A-8476-22735370B98E}"
EndProject
Project("{FAE04EC0-301F-11D3-BF4B-00C04F79EFBC}") = "SoftDesPhase2Engine", "SoftDesPhase2Engine\SoftDesPhase2Engine.csproj", "{E81B2525-CA09-471E-9BD1-4DA54345E715}"
EndProject
Global
	GlobalSection(SolutionConfigurationPlatforms) = preSolution
		Debug|Any CPU = Debug|Any CPU
		Release|Any CPU = Release|Any CPU
	EndGlobalSection
	GlobalSection(ProjectConfigurationPlatforms) = postSolution
		{501325FA-A021-449A-8476-22735370B98E}.Debug|Any CPU.ActiveCfg = Debug|Any CPU
		{501325FA-A021-449A-8476-22735370B98E}.Debug|Any CPU.Build.0 = Debug|Any CPU
		{501325FA-A021-449A-8476-22735370B98E}.Release|Any CPU.ActiveCfg = Release|Any CPU
		{501325FA-A021-449A-8476-22735370B98E}.Release|Any CPU.Build.0 = Release|Any CPU
		{E81B2525-CA09-471E-9BD1-4DA54345E715}.Debug|Any CPU.ActiveCfg = Debug|Any CPU
		{E81B2525-CA09-471E-9BD1-4DA54345E715}.Debug|Any CPU.Build.0 = Debug|Any CPU
		{E81B2525-CA09-471E-9BD1-4DA54345E715}.Release|Any CPU.ActiveCfg = Release|Any CPU
		{E81B2525-CA09-471E-9BD1-4DA54345E715}.Release|Any CPU.Build.0 = Release|Any CPU
	EndGlobalSection
	GlobalSection(SolutionProperties) = preSolution
		HideSolutionNode = FALSE
	EndGlobalSection
	GlobalSection(ExtensibilityGlobals) = postSolution
		SolutionGuid = {5141099A-B7B6-490D-AC72-ECD53B650C7D}
	EndGlobalSection
EndGlobal
